<Solution>
  <Project Path="Kybernetik.Animancer.Samples.csproj" />
  <Project Path="FinalIK.csproj" />
  <Project Path="AYellowpaper.SerializedCollections.csproj" />
  <Project Path="Core.csproj" />
  <Project Path="FinalIK.Editor.csproj" />
  <Project Path="Tayx.Graphy.csproj" />
  <Project Path="Enemy.csproj" />
  <Project Path="FMODUnityResonanceEditor.csproj" />
  <Project Path="Projectiles.csproj" />
  <Project Path="FMODUnityEditor.csproj" />
  <Project Path="FMODUnity.csproj" />
  <Project Path="Tayx.Graphy.Editor.csproj" />
  <Project Path="AYellowpaper.SerializedCollections.Editor.csproj" />
  <Project Path="Editor.csproj" />
  <Project Path="Weapons.csproj" />
  <Project Path="Worlds.csproj" />
  <Project Path="FMODUnityResonance.csproj" />
  <Project Path="Assembly-CSharp-firstpass.csproj" />
  <Project Path="Player.csproj" />
  <Project Path="Actors.csproj" />
  <Project Path="Utilities.csproj" />
  <Project Path="VRProbe/VRProbe.csproj" />
</Solution>
