<Solution>
  <Project Path="Unity.ShaderGraph.Editor.csproj" />
  <Project Path="Unity.RenderPipelines.GPUDriven.Runtime.csproj" />
  <Project Path="AstarPathfindingProject.csproj" />
  <Project Path="Unity.RenderPipelines.Universal.Runtime.csproj" />
  <Project Path="Unity.RenderPipelines.Core.Runtime.csproj" />
  <Project Path="Unity.Mathematics.csproj" />
  <Project Path="Unity.RenderPipelines.Core.Editor.csproj" />
  <Project Path="Unity.Collections.csproj" />
  <Project Path="UnityEngine.UI.csproj" />
  <Project Path="UnityEditor.TestRunner.csproj" />
  <Project Path="Unity.RenderPipelines.Universal.2D.Runtime.csproj" />
  <Project Path="FinalIK.csproj" />
  <Project Path="Unity.RenderPipelines.Universal.Editor.csproj" />
  <Project Path="Unity.PerformanceTesting.Editor.csproj" />
  <Project Path="UnityEngine.TestRunner.csproj" />
  <Project Path="AstarPackageToolsEditor.csproj" />
  <Project Path="Kybernetik.Animancer.csproj" />
  <Project Path="Unity.Searcher.Editor.csproj" />
  <Project Path="Unity.Burst.csproj" />
  <Project Path="AstarPathfindingProjectEditor.csproj" />
  <Project Path="Kybernetik.Animancer.Samples.csproj" />
  <Project Path="Unity.VisualStudio.Editor.csproj" />
  <Project Path="Enemy.csproj" />
  <Project Path="PPv2URPConverters.csproj" />
  <Project Path="Tayx.Graphy.csproj" />
  <Project Path="AYellowpaper.SerializedCollections.csproj" />
  <Project Path="Unity.RenderPipelines.Core.Runtime.Shared.csproj" />
  <Project Path="Unity.TextMeshPro.Editor.csproj" />
  <Project Path="Editor.csproj" />
  <Project Path="Kybernetik.Animancer.Editor.csproj" />
  <Project Path="Drawing.csproj" />
  <Project Path="FMODUnityEditor.csproj" />
  <Project Path="Unity.UnifiedRayTracing.Runtime.csproj" />
  <Project Path="Unity.InternalAPIEngineBridge.004.csproj" />
  <Project Path="Core.csproj" />
  <Project Path="Unity.Burst.CodeGen.csproj" />
  <Project Path="Unity.RenderPipeline.Universal.ShaderLibrary.csproj" />
  <Project Path="Unity.PerformanceTesting.csproj" />
  <Project Path="UnityEditor.UI.csproj" />
  <Project Path="Kybernetik.Animancer.FSM.csproj" />
  <Project Path="Unity.TextMeshPro.csproj" />
  <Project Path="Player.csproj" />
  <Project Path="Unity.Burst.Editor.csproj" />
  <Project Path="DrawingEditor.csproj" />
  <Project Path="Unity.SysrootPackage.Editor.csproj" />
  <Project Path="AYellowpaper.SerializedCollections.Editor.csproj" />
  <Project Path="Unity.RenderPipelines.Universal.2D.Editor.Overrides.csproj" />
  <Project Path="Utilities.csproj" />
  <Project Path="FMODUnityResonanceEditor.csproj" />
  <Project Path="Actors.csproj" />
  <Project Path="Projectiles.csproj" />
  <Project Path="Unity.RenderPipelines.Core.Editor.Shared.csproj" />
  <Project Path="FMODUnity.csproj" />
  <Project Path="Tayx.Graphy.Editor.csproj" />
  <Project Path="Unity.Collections.CodeGen.csproj" />
  <Project Path="Unity.Mathematics.Editor.csproj" />
  <Project Path="UnityEditor.UI.Analytics.csproj" />
  <Project Path="Weapons.csproj" />
  <Project Path="Unity.ShaderGraph.Utilities.csproj" />
  <Project Path="VR.csproj" />
  <Project Path="DrawingPackageToolsEditor.csproj" />
  <Project Path="andywiecko.BurstTriangulator.csproj" />
  <Project Path="FMODUnityResonance.csproj" />
  <Project Path="Unity.Toolchain.Linux-x86_64-Linux.csproj" />
  <Project Path="Assembly-CSharp-firstpass.csproj" />
  <Project Path="PackageTools.csproj" />
  <Project Path="Unity.Rendering.LightTransport.Editor.csproj" />
  <Project Path="Unity.Collections.Editor.csproj" />
  <Project Path="Unity.RenderPipelines.Universal.Config.Runtime.csproj" />
  <Project Path="Unity.RenderPipelines.ShaderGraph.ShaderGraphLibrary.csproj" />
  <Project Path="Unity.RenderPipelines.Core.ShaderLibrary.csproj" />
  <Project Path="Unity.Sysroot.Linux_x86_64.csproj" />
  <Project Path="Unity.RenderPipelines.Universal.Shaders.csproj" />
</Solution>
